# This file is automatically @generated by Poetry 1.4.2 and should not be changed by hand.

[[package]]
name = "certifi"
version = "2023.5.7"
description = "Python package for providing Mozilla's CA Bundle."
category = "main"
optional = false
python-versions = ">=3.6"
files = [
    {file = "certifi-2023.5.7-py3-none-any.whl", hash = "sha256:c6c2e98f5c7869efca1f8916fed228dd91539f9f1b444c314c06eef02980c716"},
    {file = "certifi-2023.5.7.tar.gz", hash = "sha256:0f0d56dc5a6ad56fd4ba36484d6cc34451e1c6548c61daad8c320169f91eddc7"},
]

[[package]]
name = "charset-normalizer"
version = "3.1.0"
description = "The Real First Universal Charset Detector. Open, modern and actively maintained alternative to Chardet."
category = "main"
optional = false
python-versions = ">=3.7.0"
files = [
    {file = "charset-normalizer-3.1.0.tar.gz", hash = "sha256:34e0a2f9c370eb95597aae63bf85eb5e96826d81e3dcf88b8886012906f509b5"},
    {file = "charset_normalizer-3.1.0-cp310-cp310-macosx_10_9_universal2.whl", hash = "sha256:e0ac8959c929593fee38da1c2b64ee9778733cdf03c482c9ff1d508b6b593b2b"},
    {file = "charset_normalizer-3.1.0-cp310-cp310-macosx_10_9_x86_64.whl", hash = "sha256:d7fc3fca01da18fbabe4625d64bb612b533533ed10045a2ac3dd194bfa656b60"},
    {file = "charset_normalizer-3.1.0-cp310-cp310-macosx_11_0_arm64.whl", hash = "sha256:04eefcee095f58eaabe6dc3cc2262f3bcd776d2c67005880894f447b3f2cb9c1"},
    {file = "charset_normalizer-3.1.0-cp310-cp310-manylinux_2_17_aarch64.manylinux2014_aarch64.whl", hash = "sha256:20064ead0717cf9a73a6d1e779b23d149b53daf971169289ed2ed43a71e8d3b0"},
    {file = "charset_normalizer-3.1.0-cp310-cp310-manylinux_2_17_ppc64le.manylinux2014_ppc64le.whl", hash = "sha256:1435ae15108b1cb6fffbcea2af3d468683b7afed0169ad718451f8db5d1aff6f"},
    {file = "charset_normalizer-3.1.0-cp310-cp310-manylinux_2_17_s390x.manylinux2014_s390x.whl", hash = "sha256:c84132a54c750fda57729d1e2599bb598f5fa0344085dbde5003ba429a4798c0"},
    {file = "charset_normalizer-3.1.0-cp310-cp310-manylinux_2_17_x86_64.manylinux2014_x86_64.whl", hash = "sha256:75f2568b4189dda1c567339b48cba4ac7384accb9c2a7ed655cd86b04055c795"},
    {file = "charset_normalizer-3.1.0-cp310-cp310-manylinux_2_5_i686.manylinux1_i686.manylinux_2_17_i686.manylinux2014_i686.whl", hash = "sha256:11d3bcb7be35e7b1bba2c23beedac81ee893ac9871d0ba79effc7fc01167db6c"},
    {file = "charset_normalizer-3.1.0-cp310-cp310-musllinux_1_1_aarch64.whl", hash = "sha256:891cf9b48776b5c61c700b55a598621fdb7b1e301a550365571e9624f270c203"},
    {file = "charset_normalizer-3.1.0-cp310-cp310-musllinux_1_1_i686.whl", hash = "sha256:5f008525e02908b20e04707a4f704cd286d94718f48bb33edddc7d7b584dddc1"},
    {file = "charset_normalizer-3.1.0-cp310-cp310-musllinux_1_1_ppc64le.whl", hash = "sha256:b06f0d3bf045158d2fb8837c5785fe9ff9b8c93358be64461a1089f5da983137"},
    {file = "charset_normalizer-3.1.0-cp310-cp310-musllinux_1_1_s390x.whl", hash = "sha256:49919f8400b5e49e961f320c735388ee686a62327e773fa5b3ce6721f7e785ce"},
    {file = "charset_normalizer-3.1.0-cp310-cp310-musllinux_1_1_x86_64.whl", hash = "sha256:22908891a380d50738e1f978667536f6c6b526a2064156203d418f4856d6e86a"},
    {file = "charset_normalizer-3.1.0-cp310-cp310-win32.whl", hash = "sha256:12d1a39aa6b8c6f6248bb54550efcc1c38ce0d8096a146638fd4738e42284448"},
    {file = "charset_normalizer-3.1.0-cp310-cp310-win_amd64.whl", hash = "sha256:65ed923f84a6844de5fd29726b888e58c62820e0769b76565480e1fdc3d062f8"},
    {file = "charset_normalizer-3.1.0-cp311-cp311-macosx_10_9_universal2.whl", hash = "sha256:9a3267620866c9d17b959a84dd0bd2d45719b817245e49371ead79ed4f710d19"},
    {file = "charset_normalizer-3.1.0-cp311-cp311-macosx_10_9_x86_64.whl", hash = "sha256:6734e606355834f13445b6adc38b53c0fd45f1a56a9ba06c2058f86893ae8017"},
    {file = "charset_normalizer-3.1.0-cp311-cp311-macosx_11_0_arm64.whl", hash = "sha256:f8303414c7b03f794347ad062c0516cee0e15f7a612abd0ce1e25caf6ceb47df"},
    {file = "charset_normalizer-3.1.0-cp311-cp311-manylinux_2_17_aarch64.manylinux2014_aarch64.whl", hash = "sha256:aaf53a6cebad0eae578f062c7d462155eada9c172bd8c4d250b8c1d8eb7f916a"},
    {file = "charset_normalizer-3.1.0-cp311-cp311-manylinux_2_17_ppc64le.manylinux2014_ppc64le.whl", hash = "sha256:3dc5b6a8ecfdc5748a7e429782598e4f17ef378e3e272eeb1340ea57c9109f41"},
    {file = "charset_normalizer-3.1.0-cp311-cp311-manylinux_2_17_s390x.manylinux2014_s390x.whl", hash = "sha256:e1b25e3ad6c909f398df8921780d6a3d120d8c09466720226fc621605b6f92b1"},
    {file = "charset_normalizer-3.1.0-cp311-cp311-manylinux_2_17_x86_64.manylinux2014_x86_64.whl", hash = "sha256:0ca564606d2caafb0abe6d1b5311c2649e8071eb241b2d64e75a0d0065107e62"},
    {file = "charset_normalizer-3.1.0-cp311-cp311-manylinux_2_5_i686.manylinux1_i686.manylinux_2_17_i686.manylinux2014_i686.whl", hash = "sha256:b82fab78e0b1329e183a65260581de4375f619167478dddab510c6c6fb04d9b6"},
    {file = "charset_normalizer-3.1.0-cp311-cp311-musllinux_1_1_aarch64.whl", hash = "sha256:bd7163182133c0c7701b25e604cf1611c0d87712e56e88e7ee5d72deab3e76b5"},
    {file = "charset_normalizer-3.1.0-cp311-cp311-musllinux_1_1_i686.whl", hash = "sha256:11d117e6c63e8f495412d37e7dc2e2fff09c34b2d09dbe2bee3c6229577818be"},
    {file = "charset_normalizer-3.1.0-cp311-cp311-musllinux_1_1_ppc64le.whl", hash = "sha256:cf6511efa4801b9b38dc5546d7547d5b5c6ef4b081c60b23e4d941d0eba9cbeb"},
    {file = "charset_normalizer-3.1.0-cp311-cp311-musllinux_1_1_s390x.whl", hash = "sha256:abc1185d79f47c0a7aaf7e2412a0eb2c03b724581139193d2d82b3ad8cbb00ac"},
    {file = "charset_normalizer-3.1.0-cp311-cp311-musllinux_1_1_x86_64.whl", hash = "sha256:cb7b2ab0188829593b9de646545175547a70d9a6e2b63bf2cd87a0a391599324"},
    {file = "charset_normalizer-3.1.0-cp311-cp311-win32.whl", hash = "sha256:c36bcbc0d5174a80d6cccf43a0ecaca44e81d25be4b7f90f0ed7bcfbb5a00909"},
    {file = "charset_normalizer-3.1.0-cp311-cp311-win_amd64.whl", hash = "sha256:cca4def576f47a09a943666b8f829606bcb17e2bc2d5911a46c8f8da45f56755"},
    {file = "charset_normalizer-3.1.0-cp37-cp37m-macosx_10_9_x86_64.whl", hash = "sha256:0c95f12b74681e9ae127728f7e5409cbbef9cd914d5896ef238cc779b8152373"},
    {file = "charset_normalizer-3.1.0-cp37-cp37m-manylinux_2_17_aarch64.manylinux2014_aarch64.whl", hash = "sha256:fca62a8301b605b954ad2e9c3666f9d97f63872aa4efcae5492baca2056b74ab"},
    {file = "charset_normalizer-3.1.0-cp37-cp37m-manylinux_2_17_ppc64le.manylinux2014_ppc64le.whl", hash = "sha256:ac0aa6cd53ab9a31d397f8303f92c42f534693528fafbdb997c82bae6e477ad9"},
    {file = "charset_normalizer-3.1.0-cp37-cp37m-manylinux_2_17_s390x.manylinux2014_s390x.whl", hash = "sha256:c3af8e0f07399d3176b179f2e2634c3ce9c1301379a6b8c9c9aeecd481da494f"},
    {file = "charset_normalizer-3.1.0-cp37-cp37m-manylinux_2_17_x86_64.manylinux2014_x86_64.whl", hash = "sha256:3a5fc78f9e3f501a1614a98f7c54d3969f3ad9bba8ba3d9b438c3bc5d047dd28"},
    {file = "charset_normalizer-3.1.0-cp37-cp37m-manylinux_2_5_i686.manylinux1_i686.manylinux_2_17_i686.manylinux2014_i686.whl", hash = "sha256:628c985afb2c7d27a4800bfb609e03985aaecb42f955049957814e0491d4006d"},
    {file = "charset_normalizer-3.1.0-cp37-cp37m-musllinux_1_1_aarch64.whl", hash = "sha256:74db0052d985cf37fa111828d0dd230776ac99c740e1a758ad99094be4f1803d"},
    {file = "charset_normalizer-3.1.0-cp37-cp37m-musllinux_1_1_i686.whl", hash = "sha256:1e8fcdd8f672a1c4fc8d0bd3a2b576b152d2a349782d1eb0f6b8e52e9954731d"},
    {file = "charset_normalizer-3.1.0-cp37-cp37m-musllinux_1_1_ppc64le.whl", hash = "sha256:04afa6387e2b282cf78ff3dbce20f0cc071c12dc8f685bd40960cc68644cfea6"},
    {file = "charset_normalizer-3.1.0-cp37-cp37m-musllinux_1_1_s390x.whl", hash = "sha256:dd5653e67b149503c68c4018bf07e42eeed6b4e956b24c00ccdf93ac79cdff84"},
    {file = "charset_normalizer-3.1.0-cp37-cp37m-musllinux_1_1_x86_64.whl", hash = "sha256:d2686f91611f9e17f4548dbf050e75b079bbc2a82be565832bc8ea9047b61c8c"},
    {file = "charset_normalizer-3.1.0-cp37-cp37m-win32.whl", hash = "sha256:4155b51ae05ed47199dc5b2a4e62abccb274cee6b01da5b895099b61b1982974"},
    {file = "charset_normalizer-3.1.0-cp37-cp37m-win_amd64.whl", hash = "sha256:322102cdf1ab682ecc7d9b1c5eed4ec59657a65e1c146a0da342b78f4112db23"},
    {file = "charset_normalizer-3.1.0-cp38-cp38-macosx_10_9_universal2.whl", hash = "sha256:e633940f28c1e913615fd624fcdd72fdba807bf53ea6925d6a588e84e1151531"},
    {file = "charset_normalizer-3.1.0-cp38-cp38-macosx_10_9_x86_64.whl", hash = "sha256:3a06f32c9634a8705f4ca9946d667609f52cf130d5548881401f1eb2c39b1e2c"},
    {file = "charset_normalizer-3.1.0-cp38-cp38-macosx_11_0_arm64.whl", hash = "sha256:7381c66e0561c5757ffe616af869b916c8b4e42b367ab29fedc98481d1e74e14"},
    {file = "charset_normalizer-3.1.0-cp38-cp38-manylinux_2_17_aarch64.manylinux2014_aarch64.whl", hash = "sha256:3573d376454d956553c356df45bb824262c397c6e26ce43e8203c4c540ee0acb"},
    {file = "charset_normalizer-3.1.0-cp38-cp38-manylinux_2_17_ppc64le.manylinux2014_ppc64le.whl", hash = "sha256:e89df2958e5159b811af9ff0f92614dabf4ff617c03a4c1c6ff53bf1c399e0e1"},
    {file = "charset_normalizer-3.1.0-cp38-cp38-manylinux_2_17_s390x.manylinux2014_s390x.whl", hash = "sha256:78cacd03e79d009d95635e7d6ff12c21eb89b894c354bd2b2ed0b4763373693b"},
    {file = "charset_normalizer-3.1.0-cp38-cp38-manylinux_2_17_x86_64.manylinux2014_x86_64.whl", hash = "sha256:de5695a6f1d8340b12a5d6d4484290ee74d61e467c39ff03b39e30df62cf83a0"},
    {file = "charset_normalizer-3.1.0-cp38-cp38-manylinux_2_5_i686.manylinux1_i686.manylinux_2_17_i686.manylinux2014_i686.whl", hash = "sha256:1c60b9c202d00052183c9be85e5eaf18a4ada0a47d188a83c8f5c5b23252f649"},
    {file = "charset_normalizer-3.1.0-cp38-cp38-musllinux_1_1_aarch64.whl", hash = "sha256:f645caaf0008bacf349875a974220f1f1da349c5dbe7c4ec93048cdc785a3326"},
    {file = "charset_normalizer-3.1.0-cp38-cp38-musllinux_1_1_i686.whl", hash = "sha256:ea9f9c6034ea2d93d9147818f17c2a0860d41b71c38b9ce4d55f21b6f9165a11"},
    {file = "charset_normalizer-3.1.0-cp38-cp38-musllinux_1_1_ppc64le.whl", hash = "sha256:80d1543d58bd3d6c271b66abf454d437a438dff01c3e62fdbcd68f2a11310d4b"},
    {file = "charset_normalizer-3.1.0-cp38-cp38-musllinux_1_1_s390x.whl", hash = "sha256:73dc03a6a7e30b7edc5b01b601e53e7fc924b04e1835e8e407c12c037e81adbd"},
    {file = "charset_normalizer-3.1.0-cp38-cp38-musllinux_1_1_x86_64.whl", hash = "sha256:6f5c2e7bc8a4bf7c426599765b1bd33217ec84023033672c1e9a8b35eaeaaaf8"},
    {file = "charset_normalizer-3.1.0-cp38-cp38-win32.whl", hash = "sha256:12a2b561af122e3d94cdb97fe6fb2bb2b82cef0cdca131646fdb940a1eda04f0"},
    {file = "charset_normalizer-3.1.0-cp38-cp38-win_amd64.whl", hash = "sha256:3160a0fd9754aab7d47f95a6b63ab355388d890163eb03b2d2b87ab0a30cfa59"},
    {file = "charset_normalizer-3.1.0-cp39-cp39-macosx_10_9_universal2.whl", hash = "sha256:38e812a197bf8e71a59fe55b757a84c1f946d0ac114acafaafaf21667a7e169e"},
    {file = "charset_normalizer-3.1.0-cp39-cp39-macosx_10_9_x86_64.whl", hash = "sha256:6baf0baf0d5d265fa7944feb9f7451cc316bfe30e8df1a61b1bb08577c554f31"},
    {file = "charset_normalizer-3.1.0-cp39-cp39-macosx_11_0_arm64.whl", hash = "sha256:8f25e17ab3039b05f762b0a55ae0b3632b2e073d9c8fc88e89aca31a6198e88f"},
    {file = "charset_normalizer-3.1.0-cp39-cp39-manylinux_2_17_aarch64.manylinux2014_aarch64.whl", hash = "sha256:3747443b6a904001473370d7810aa19c3a180ccd52a7157aacc264a5ac79265e"},
    {file = "charset_normalizer-3.1.0-cp39-cp39-manylinux_2_17_ppc64le.manylinux2014_ppc64le.whl", hash = "sha256:b116502087ce8a6b7a5f1814568ccbd0e9f6cfd99948aa59b0e241dc57cf739f"},
    {file = "charset_normalizer-3.1.0-cp39-cp39-manylinux_2_17_s390x.manylinux2014_s390x.whl", hash = "sha256:d16fd5252f883eb074ca55cb622bc0bee49b979ae4e8639fff6ca3ff44f9f854"},
    {file = "charset_normalizer-3.1.0-cp39-cp39-manylinux_2_17_x86_64.manylinux2014_x86_64.whl", hash = "sha256:21fa558996782fc226b529fdd2ed7866c2c6ec91cee82735c98a197fae39f706"},
    {file = "charset_normalizer-3.1.0-cp39-cp39-manylinux_2_5_i686.manylinux1_i686.manylinux_2_17_i686.manylinux2014_i686.whl", hash = "sha256:6f6c7a8a57e9405cad7485f4c9d3172ae486cfef1344b5ddd8e5239582d7355e"},
    {file = "charset_normalizer-3.1.0-cp39-cp39-musllinux_1_1_aarch64.whl", hash = "sha256:ac3775e3311661d4adace3697a52ac0bab17edd166087d493b52d4f4f553f9f0"},
    {file = "charset_normalizer-3.1.0-cp39-cp39-musllinux_1_1_i686.whl", hash = "sha256:10c93628d7497c81686e8e5e557aafa78f230cd9e77dd0c40032ef90c18f2230"},
    {file = "charset_normalizer-3.1.0-cp39-cp39-musllinux_1_1_ppc64le.whl", hash = "sha256:6f4f4668e1831850ebcc2fd0b1cd11721947b6dc7c00bf1c6bd3c929ae14f2c7"},
    {file = "charset_normalizer-3.1.0-cp39-cp39-musllinux_1_1_s390x.whl", hash = "sha256:0be65ccf618c1e7ac9b849c315cc2e8a8751d9cfdaa43027d4f6624bd587ab7e"},
    {file = "charset_normalizer-3.1.0-cp39-cp39-musllinux_1_1_x86_64.whl", hash = "sha256:53d0a3fa5f8af98a1e261de6a3943ca631c526635eb5817a87a59d9a57ebf48f"},
    {file = "charset_normalizer-3.1.0-cp39-cp39-win32.whl", hash = "sha256:a04f86f41a8916fe45ac5024ec477f41f886b3c435da2d4e3d2709b22ab02af1"},
    {file = "charset_normalizer-3.1.0-cp39-cp39-win_amd64.whl", hash = "sha256:830d2948a5ec37c386d3170c483063798d7879037492540f10a475e3fd6f244b"},
    {file = "charset_normalizer-3.1.0-py3-none-any.whl", hash = "sha256:3d9098b479e78c85080c98e1e35ff40b4a31d8953102bb0fd7d1b6f8a2111a3d"},
]

[[package]]
name = "cython"
version = "0.29.34"
description = "The Cython compiler for writing C extensions for the Python language."
category = "main"
optional = false
python-versions = ">=2.6, !=3.0.*, !=3.1.*, !=3.2.*"
files = [
    {file = "Cython-0.29.34-cp27-cp27m-manylinux_2_5_i686.manylinux1_i686.whl", hash = "sha256:742544024ddb74314e2d597accdb747ed76bd126e61fcf49940a5b5be0a8f381"},
    {file = "Cython-0.29.34-cp27-cp27m-manylinux_2_5_x86_64.manylinux1_x86_64.whl", hash = "sha256:03daae07f8cbf797506446adae512c3dd86e7f27a62a541fa1ee254baf43e32c"},
    {file = "Cython-0.29.34-cp27-cp27mu-manylinux_2_5_i686.manylinux1_i686.whl", hash = "sha256:5a8de3e793a576e40ca9b4f5518610cd416273c7dc5e254115656b6e4ec70663"},
    {file = "Cython-0.29.34-cp27-cp27mu-manylinux_2_5_x86_64.manylinux1_x86_64.whl", hash = "sha256:60969d38e6a456a67e7ef8ae20668eff54e32ba439d4068ccf2854a44275a30f"},
    {file = "Cython-0.29.34-cp310-cp310-manylinux_2_17_aarch64.manylinux2014_aarch64.manylinux_2_24_aarch64.whl", hash = "sha256:21b88200620d80cfe193d199b259cdad2b9af56f916f0f7f474b5a3631ca0caa"},
    {file = "Cython-0.29.34-cp310-cp310-manylinux_2_17_x86_64.manylinux2014_x86_64.manylinux_2_24_x86_64.whl", hash = "sha256:308c8f1e58bf5e6e8a1c4dcf8abbd2d13d0f9b1e582f4d9ae8b89857342d8bb5"},
    {file = "Cython-0.29.34-cp310-cp310-manylinux_2_5_i686.manylinux1_i686.manylinux_2_24_i686.whl", hash = "sha256:d8f822fb6ecd5d88c42136561f82960612421154fc5bf23c57103a367bb91356"},
    {file = "Cython-0.29.34-cp310-cp310-musllinux_1_1_x86_64.whl", hash = "sha256:56866323f1660cecb4d5ff3a1fba92a56b91b7cfae0a8253777aa4bdb3bdf9a8"},
    {file = "Cython-0.29.34-cp311-cp311-manylinux_2_17_aarch64.manylinux2014_aarch64.manylinux_2_24_aarch64.whl", hash = "sha256:e971db8aeb12e7c0697cefafe65eefcc33ff1224ae3d8c7f83346cbc42c6c270"},
    {file = "Cython-0.29.34-cp311-cp311-manylinux_2_17_x86_64.manylinux2014_x86_64.manylinux_2_24_x86_64.whl", hash = "sha256:e4401270b0dc464c23671e2e9d52a60985f988318febaf51b047190e855bbe7d"},
    {file = "Cython-0.29.34-cp311-cp311-manylinux_2_5_i686.manylinux1_i686.manylinux_2_24_i686.whl", hash = "sha256:dce0a36d163c05ae8b21200059511217d79b47baf2b7b0f926e8367bd7a3cc24"},
    {file = "Cython-0.29.34-cp311-cp311-musllinux_1_1_x86_64.whl", hash = "sha256:dbd79221869ee9a6ccc4953b2c8838bb6ae08ab4d50ea4b60d7894f03739417b"},
    {file = "Cython-0.29.34-cp35-cp35m-manylinux_2_5_i686.manylinux1_i686.whl", hash = "sha256:a0f4229df10bc4545ebbeaaf96ebb706011d8b333e54ed202beb03f2bee0a50e"},
    {file = "Cython-0.29.34-cp35-cp35m-manylinux_2_5_x86_64.manylinux1_x86_64.whl", hash = "sha256:fd1ea21f1cebf33ae288caa0f3e9b5563a709f4df8925d53bad99be693fc0d9b"},
    {file = "Cython-0.29.34-cp36-cp36m-manylinux_2_17_aarch64.manylinux2014_aarch64.manylinux_2_24_aarch64.whl", hash = "sha256:d7ef5f68f4c5baa93349ea54a352f8716d18bee9a37f3e93eff38a5d4e9b7262"},
    {file = "Cython-0.29.34-cp36-cp36m-manylinux_2_17_x86_64.manylinux2014_x86_64.manylinux_2_24_x86_64.whl", hash = "sha256:459994d1de0f99bb18fad9f2325f760c4b392b1324aef37bcc1cd94922dfce41"},
    {file = "Cython-0.29.34-cp36-cp36m-manylinux_2_5_i686.manylinux1_i686.manylinux_2_24_i686.whl", hash = "sha256:1d6c809e2f9ce5950bbc52a1d2352ef3d4fc56186b64cb0d50c8c5a3c1d17661"},
    {file = "Cython-0.29.34-cp36-cp36m-manylinux_2_5_i686.manylinux1_i686.whl", hash = "sha256:f674ceb5f722d364395f180fbac273072fc1a266aab924acc9cfd5afc645aae1"},
    {file = "Cython-0.29.34-cp36-cp36m-manylinux_2_5_x86_64.manylinux1_x86_64.whl", hash = "sha256:9489de5b2044dcdfd9d6ca8242a02d560137b3c41b1f5ae1c4f6707d66d6e44d"},
    {file = "Cython-0.29.34-cp36-cp36m-musllinux_1_1_x86_64.whl", hash = "sha256:5c121dc185040f4333bfded68963b4529698e1b6d994da56be32c97a90c896b6"},
    {file = "Cython-0.29.34-cp37-cp37m-manylinux_2_17_aarch64.manylinux2014_aarch64.manylinux_2_24_aarch64.whl", hash = "sha256:b6149f7cc5b31bccb158c5b968e5a8d374fdc629792e7b928a9b66e08b03fca5"},
    {file = "Cython-0.29.34-cp37-cp37m-manylinux_2_17_x86_64.manylinux2014_x86_64.manylinux_2_24_x86_64.whl", hash = "sha256:0ab3cbf3d62b0354631a45dc93cfcdf79098663b1c65a6033af4a452b52217a7"},
    {file = "Cython-0.29.34-cp37-cp37m-manylinux_2_5_i686.manylinux1_i686.manylinux_2_24_i686.whl", hash = "sha256:4a2723447d1334484681d5aede34184f2da66317891f94b80e693a2f96a8f1a7"},
    {file = "Cython-0.29.34-cp37-cp37m-manylinux_2_5_i686.manylinux1_i686.whl", hash = "sha256:e40cf86aadc29ecd1cb6de67b0d9488705865deea4fc185c7ad56d7a6fc78703"},
    {file = "Cython-0.29.34-cp37-cp37m-manylinux_2_5_x86_64.manylinux1_x86_64.whl", hash = "sha256:8c3cd8bb8e880a3346f5685601004d96e0a2221e73edcaeea57ea848618b4ac6"},
    {file = "Cython-0.29.34-cp37-cp37m-musllinux_1_1_x86_64.whl", hash = "sha256:0e9032cd650b0cb1d2c2ef2623f5714c14d14c28d7647d589c3eeed0baf7428e"},
    {file = "Cython-0.29.34-cp38-cp38-manylinux_2_17_aarch64.manylinux2014_aarch64.manylinux_2_24_aarch64.whl", hash = "sha256:bdb3285660e3068438791ace7dd7b1efd6b442a10b5c8d7a4f0c9d184d08c8ed"},
    {file = "Cython-0.29.34-cp38-cp38-manylinux_2_17_x86_64.manylinux2014_x86_64.manylinux_2_24_x86_64.whl", hash = "sha256:a8ad755f9364e720f10a36734a1c7a5ced5c679446718b589259261438a517c9"},
    {file = "Cython-0.29.34-cp38-cp38-manylinux_2_5_i686.manylinux1_i686.manylinux_2_24_i686.whl", hash = "sha256:7595d29eaee95633dd8060f50f0e54b27472d01587659557ebcfe39da3ea946b"},
    {file = "Cython-0.29.34-cp38-cp38-manylinux_2_5_i686.manylinux1_i686.whl", hash = "sha256:e6ef7879668214d80ea3914c17e7d4e1ebf4242e0dd4dabe95ca5ccbe75589a5"},
    {file = "Cython-0.29.34-cp38-cp38-manylinux_2_5_x86_64.manylinux1_x86_64.whl", hash = "sha256:ccb223b5f0fd95d8d27561efc0c14502c0945f1a32274835831efa5d5baddfc1"},
    {file = "Cython-0.29.34-cp38-cp38-musllinux_1_1_x86_64.whl", hash = "sha256:11b1b278b8edef215caaa5250ad65a10023bfa0b5a93c776552248fc6f60098d"},
    {file = "Cython-0.29.34-cp39-cp39-manylinux_2_17_aarch64.manylinux2014_aarch64.manylinux_2_24_aarch64.whl", hash = "sha256:5718319a01489688fdd22ddebb8e2fcbbd60be5f30de4336ea7063c3ae29fbe5"},
    {file = "Cython-0.29.34-cp39-cp39-manylinux_2_17_x86_64.manylinux2014_x86_64.manylinux_2_24_x86_64.whl", hash = "sha256:cfb2302ef617d647ee590a4c0a00ba3c2da05f301dcefe7721125565d2e51351"},
    {file = "Cython-0.29.34-cp39-cp39-manylinux_2_5_i686.manylinux1_i686.manylinux_2_24_i686.whl", hash = "sha256:67b850cf46b861bc27226d31e1d87c0e69869a02f8d3cc5d5bef549764029879"},
    {file = "Cython-0.29.34-cp39-cp39-manylinux_2_5_i686.manylinux1_i686.whl", hash = "sha256:0963266dad685812c1dbb758fcd4de78290e3adc7db271c8664dcde27380b13e"},
    {file = "Cython-0.29.34-cp39-cp39-manylinux_2_5_x86_64.manylinux1_x86_64.whl", hash = "sha256:7879992487d9060a61393eeefe00d299210256928dce44d887b6be313d342bac"},
    {file = "Cython-0.29.34-cp39-cp39-musllinux_1_1_x86_64.whl", hash = "sha256:44733366f1604b0c327613b6918469284878d2f5084297d10d26072fc6948d51"},
    {file = "Cython-0.29.34-py2.py3-none-any.whl", hash = "sha256:be4f6b7be75a201c290c8611c0978549c60353890204573078e865423dbe3c83"},
    {file = "Cython-0.29.34.tar.gz", hash = "sha256:1909688f5d7b521a60c396d20bba9e47a1b2d2784bfb085401e1e1e7d29a29a8"},
]

[[package]]
name = "idna"
version = "3.4"
description = "Internationalized Domain Names in Applications (IDNA)"
category = "main"
optional = false
python-versions = ">=3.5"
files = [
    {file = "idna-3.4-py3-none-any.whl", hash = "sha256:90b77e79eaa3eba6de819a0c442c0b4ceefc341a7a2ab77d7562bf49f425c5c2"},
    {file = "idna-3.4.tar.gz", hash = "sha256:814f528e8dead7d329833b91c5faa87d60bf71824cd12a7530b5526063d02cb4"},
]

[[package]]
name = "requests"
version = "2.30.0"
description = "Python HTTP for Humans."
category = "main"
optional = false
python-versions = ">=3.7"
files = [
    {file = "requests-2.30.0-py3-none-any.whl", hash = "sha256:10e94cc4f3121ee6da529d358cdaeaff2f1c409cd377dbc72b825852f2f7e294"},
    {file = "requests-2.30.0.tar.gz", hash = "sha256:239d7d4458afcb28a692cdd298d87542235f4ca8d36d03a15bfc128a6559a2f4"},
]

[package.dependencies]
certifi = ">=2017.4.17"
charset-normalizer = ">=2,<4"
idna = ">=2.5,<4"
urllib3 = ">=1.21.1,<3"

[package.extras]
socks = ["PySocks (>=1.5.6,!=1.5.7)"]
use-chardet-on-py3 = ["chardet (>=3.0.2,<6)"]

[[package]]
name = "selectolax"
version = "0.3.13"
description = "Fast HTML5 parser with CSS selectors."
category = "main"
optional = false
python-versions = "*"
files = [
    {file = "selectolax-0.3.13-cp310-cp310-macosx_10_9_universal2.whl", hash = "sha256:31c0ca8303fcf4e97a237a0accf9c1d20314a574d3f7628f138ddaf0148f168a"},
    {file = "selectolax-0.3.13-cp310-cp310-macosx_10_9_x86_64.whl", hash = "sha256:41e25551dd71c21565b86d960c88c86063b218538148e0f3cafbba4e0a8f96b6"},
    {file = "selectolax-0.3.13-cp310-cp310-manylinux_2_17_aarch64.manylinux2014_aarch64.whl", hash = "sha256:e0a3f1da5c1ec1d1d53cdea7fe9970da935e7e8615405b47520c3e794cdf34a2"},
    {file = "selectolax-0.3.13-cp310-cp310-manylinux_2_17_x86_64.manylinux2014_x86_64.whl", hash = "sha256:5f6f1b885ba591071714341e92b98ab2af4ebcdeb4c9ea2c3c62617cdc255d75"},
    {file = "selectolax-0.3.13-cp310-cp310-manylinux_2_5_i686.manylinux1_i686.manylinux_2_17_i686.manylinux2014_i686.whl", hash = "sha256:78666d06f6cf92bbdb8e6bc24c14fa2afc0405c91963056225d942c14520ebbf"},
    {file = "selectolax-0.3.13-cp310-cp310-musllinux_1_1_aarch64.whl", hash = "sha256:cc92307e496e09b10f73cbc92854dc2324fe5befdaca54d1cbf65632760fabc4"},
    {file = "selectolax-0.3.13-cp310-cp310-musllinux_1_1_i686.whl", hash = "sha256:985a99d9f402109d744f3cf0047fc83dddc0b8598e58bb74580bfb89e81fa23d"},
    {file = "selectolax-0.3.13-cp310-cp310-musllinux_1_1_x86_64.whl", hash = "sha256:b4b8b8c4821ff2bcf424155ec0093de8b88b21a854d8f33c2bd956582b06b480"},
    {file = "selectolax-0.3.13-cp310-cp310-win32.whl", hash = "sha256:9adc3c111a17ce17c05e16dc1eb543d611f25a27e343f89e1b7a7e89cfbe7749"},
    {file = "selectolax-0.3.13-cp310-cp310-win_amd64.whl", hash = "sha256:12a395c9e085794a9b9267b06b56124c29fc211749ae1e19bdb0ef16a6a528ea"},
    {file = "selectolax-0.3.13-cp311-cp311-macosx_10_9_universal2.whl", hash = "sha256:7401882c5a670f247bad585c95f648ad239e44f132a3efbc2140f071d74e33cb"},
    {file = "selectolax-0.3.13-cp311-cp311-macosx_10_9_x86_64.whl", hash = "sha256:05b2226184b640f797148483aaee80c667967500a68fc9a0bbb33f8fe644b0fb"},
    {file = "selectolax-0.3.13-cp311-cp311-manylinux_2_17_aarch64.manylinux2014_aarch64.whl", hash = "sha256:e164923c9ad2a80d806c0794bcd035c95c4121929c5eeb0ad7e512bcd362a51e"},
    {file = "selectolax-0.3.13-cp311-cp311-manylinux_2_17_x86_64.manylinux2014_x86_64.whl", hash = "sha256:4098877a734a4dd705a51dedfba5f9dd1f88753a5acf8285a809e96ff42ef23a"},
    {file = "selectolax-0.3.13-cp311-cp311-manylinux_2_5_i686.manylinux1_i686.manylinux_2_17_i686.manylinux2014_i686.whl", hash = "sha256:6db83b266c6af50d53278987cd3c37c81cc5cfbdb097d9a931bcaab55117e059"},
    {file = "selectolax-0.3.13-cp311-cp311-musllinux_1_1_aarch64.whl", hash = "sha256:a5660938ce6e3ec6aa33e77a6df12514f0875147e76d54e5c86b4ed8679b813a"},
    {file = "selectolax-0.3.13-cp311-cp311-musllinux_1_1_i686.whl", hash = "sha256:0de40cbffe131d91e1a5a38a1b128a7f55735242bce63fb157dcab5a32346fc2"},
    {file = "selectolax-0.3.13-cp311-cp311-musllinux_1_1_x86_64.whl", hash = "sha256:5ed9a0d0d650f284090cf5e98ef2fcec12716348d7932b93b9507f0b53e6bc42"},
    {file = "selectolax-0.3.13-cp311-cp311-win32.whl", hash = "sha256:da98101ad8990211702a8b1b1774c626175c25c4bcf640df9bf12a7ccd9f282c"},
    {file = "selectolax-0.3.13-cp311-cp311-win_amd64.whl", hash = "sha256:92c746b02c66f85bb22f6ec4ff2c2ffe6af60b8b0ab731ad10d164e886da1293"},
    {file = "selectolax-0.3.13-cp36-cp36m-macosx_10_9_x86_64.whl", hash = "sha256:1fe07d7e5deaf47af2a8249cb35689531145b470852694fd69500b124b19817d"},
    {file = "selectolax-0.3.13-cp36-cp36m-manylinux_2_17_x86_64.manylinux2014_x86_64.whl", hash = "sha256:f7de7372bde6097871b51c6debc6f15d3c15107ad86eb287edae6db16fc815ac"},
    {file = "selectolax-0.3.13-cp36-cp36m-manylinux_2_5_i686.manylinux1_i686.manylinux_2_17_i686.manylinux2014_i686.whl", hash = "sha256:9337c574e2b83be6e29cc5865bc799dcaa991eccc4e2a118e8660b738eeea049"},
    {file = "selectolax-0.3.13-cp36-cp36m-musllinux_1_1_i686.whl", hash = "sha256:6a2e12a3e5f766b0847fc3e017cf3bd86d57af70ac19eb21261d8491f0e8446a"},
    {file = "selectolax-0.3.13-cp36-cp36m-musllinux_1_1_x86_64.whl", hash = "sha256:6f0081404e98b9d71de63bb31413abea56086863d9297a311af52b0193c67db0"},
    {file = "selectolax-0.3.13-cp36-cp36m-win32.whl", hash = "sha256:52f036034dfa50f4ae76541fe49b3fb8f34b948fde34bc9767ad25c9a369b5ef"},
    {file = "selectolax-0.3.13-cp36-cp36m-win_amd64.whl", hash = "sha256:fc2ab299f0272fb7bf328938d8090ab90767f3d6575bacc5b5aa3f7ccd1f7ac8"},
    {file = "selectolax-0.3.13-cp37-cp37m-macosx_10_9_x86_64.whl", hash = "sha256:2c44beb77ba0e6c37edeaaf8b336ffb43d76fe57385e1a19a9daf59d2891ee42"},
    {file = "selectolax-0.3.13-cp37-cp37m-manylinux_2_17_aarch64.manylinux2014_aarch64.whl", hash = "sha256:36f720a841290ccc2be99f6fdcfe92140fde1565d6e4ede1d2a735b3e58088e5"},
    {file = "selectolax-0.3.13-cp37-cp37m-manylinux_2_17_x86_64.manylinux2014_x86_64.whl", hash = "sha256:076055221b5604b3b26344c30be619906b9fc8ab5fb0c6a9119a15cf704a6d87"},
    {file = "selectolax-0.3.13-cp37-cp37m-manylinux_2_5_i686.manylinux1_i686.manylinux_2_17_i686.manylinux2014_i686.whl", hash = "sha256:2c35a1049dad75e2e714a79bc41f65aac83bce7126f6d251206dfe84136f0a12"},
    {file = "selectolax-0.3.13-cp37-cp37m-musllinux_1_1_aarch64.whl", hash = "sha256:4352f674e918d917ec57ef1dd5e26a0198343409922390877d028afabf45d8bd"},
    {file = "selectolax-0.3.13-cp37-cp37m-musllinux_1_1_i686.whl", hash = "sha256:66e1702ca97dbd51784e7361ac6bed0bacbb8f13262d935423b1cec712a29b29"},
    {file = "selectolax-0.3.13-cp37-cp37m-musllinux_1_1_x86_64.whl", hash = "sha256:747235b2149c85152005d968dd50e76f583ed63c233188c118e08130e02aea58"},
    {file = "selectolax-0.3.13-cp37-cp37m-win32.whl", hash = "sha256:e1234f1c7df598eebd745a48771a0e6268744aca5cee28148110a6d1f7979656"},
    {file = "selectolax-0.3.13-cp37-cp37m-win_amd64.whl", hash = "sha256:dcf4742af4a172d0efe9f4083c059ee576fe78ab5a6e7c2acf7da9ed0a32df60"},
    {file = "selectolax-0.3.13-cp38-cp38-macosx_10_9_universal2.whl", hash = "sha256:c29fdd60cf323a385524d2dfcec7fb043b2bd6996094955c0afd4e78c88d13aa"},
    {file = "selectolax-0.3.13-cp38-cp38-macosx_10_9_x86_64.whl", hash = "sha256:f1ac891a2892f97f9639de04814b8289bcf0de44586acaf61adbd7082a0fa10a"},
    {file = "selectolax-0.3.13-cp38-cp38-manylinux_2_17_aarch64.manylinux2014_aarch64.whl", hash = "sha256:a7453ec67201678fad1b9e0f70e8b707e6aa3de2d2d775aef8c60e3f8c8fba1b"},
    {file = "selectolax-0.3.13-cp38-cp38-manylinux_2_17_x86_64.manylinux2014_x86_64.whl", hash = "sha256:facde8220e34d47300a92c6dda6f1ac6e38cbf08e71162a112a74fb618903752"},
    {file = "selectolax-0.3.13-cp38-cp38-manylinux_2_5_i686.manylinux1_i686.manylinux_2_17_i686.manylinux2014_i686.whl", hash = "sha256:25bcf3e0805865b65748fde4b51a1f96866b5e07bbf9555a82b38f454eb997ff"},
    {file = "selectolax-0.3.13-cp38-cp38-musllinux_1_1_aarch64.whl", hash = "sha256:bd15bab5c7af8fdf70796429c68d5273328e4d21ee8f16d9016c21fe139edde0"},
    {file = "selectolax-0.3.13-cp38-cp38-musllinux_1_1_i686.whl", hash = "sha256:39c220184d6ad75bebe8122db53a02246365ebc662181e349ca2d7601edaa178"},
    {file = "selectolax-0.3.13-cp38-cp38-musllinux_1_1_x86_64.whl", hash = "sha256:93eb1a4299fa2306a1a782ae30d55abfcd8a93b8281c62202176aa8c40574ecb"},
    {file = "selectolax-0.3.13-cp38-cp38-win32.whl", hash = "sha256:100335554c151da1cc6559944d5bf465e7e9dd0ddf5685dd07ed8d28f216dd7f"},
    {file = "selectolax-0.3.13-cp38-cp38-win_amd64.whl", hash = "sha256:b65848620d8444c44ef2946f6ba37bc420c4f6c4cd5dafa48c986c77668f03ec"},
    {file = "selectolax-0.3.13-cp39-cp39-macosx_10_9_universal2.whl", hash = "sha256:ab489940070881db21b8fe58f156d4ec7b3836c2215e5c04612af4b3a4dd9d4d"},
    {file = "selectolax-0.3.13-cp39-cp39-macosx_10_9_x86_64.whl", hash = "sha256:ee099ef904b134a1cf3c5043445d90c17bec5e3971ed6dd6556719c059273fcb"},
    {file = "selectolax-0.3.13-cp39-cp39-manylinux_2_17_aarch64.manylinux2014_aarch64.whl", hash = "sha256:0b98b77a536bcd83fb4e9a05da31f0a4057bdcc09c38b60f6ccb5463463970fa"},
    {file = "selectolax-0.3.13-cp39-cp39-manylinux_2_17_x86_64.manylinux2014_x86_64.whl", hash = "sha256:94f657cc2a15636df3d7fd1a51d330b1ec71c3c429e2848008a05a5c48882ec4"},
    {file = "selectolax-0.3.13-cp39-cp39-manylinux_2_5_i686.manylinux1_i686.manylinux_2_17_i686.manylinux2014_i686.whl", hash = "sha256:c0ab55b619b1db7a802a586a8bf21e635254910e946906673b2765601a47f771"},
    {file = "selectolax-0.3.13-cp39-cp39-musllinux_1_1_aarch64.whl", hash = "sha256:843c5690de20f9a520dd53c54612a46bfbf44219dc6d09409b2b78eb513f614c"},
    {file = "selectolax-0.3.13-cp39-cp39-musllinux_1_1_i686.whl", hash = "sha256:3f0f8fc10d893df9f33d3e4ad1297f748cdef404897fbee6a96568db251128f4"},
    {file = "selectolax-0.3.13-cp39-cp39-musllinux_1_1_x86_64.whl", hash = "sha256:d6612b2cc12eaa84305e9621cd54b81289700de9959bcd2b0830f572b1204e28"},
    {file = "selectolax-0.3.13-cp39-cp39-win32.whl", hash = "sha256:9a7089c0f047a50c7c43c84bac8b53a9c9a434c9568addc85131123223625639"},
    {file = "selectolax-0.3.13-cp39-cp39-win_amd64.whl", hash = "sha256:35d8be2c285846650633e0eae2f8a11bbcf7c62a836ec8b98faff472953d94e2"},
    {file = "selectolax-0.3.13.tar.gz", hash = "sha256:9a45377323f5f05ee86e96a1d7d19e88ca01032b7b780f8b9fcb614784aee6cb"},
]

[package.dependencies]
Cython = ">=0.29.23"

[[package]]
name = "urllib3"
version = "2.0.2"
description = "HTTP library with thread-safe connection pooling, file post, and more."
category = "main"
optional = false
python-versions = ">=3.7"
files = [
    {file = "urllib3-2.0.2-py3-none-any.whl", hash = "sha256:d055c2f9d38dc53c808f6fdc8eab7360b6fdbbde02340ed25cfbcd817c62469e"},
    {file = "urllib3-2.0.2.tar.gz", hash = "sha256:61717a1095d7e155cdb737ac7bb2f4324a858a1e2e6466f6d03ff630ca68d3cc"},
]

[package.extras]
brotli = ["brotli (>=1.0.9)", "brotlicffi (>=0.8.0)"]
secure = ["certifi", "cryptography (>=1.9)", "idna (>=2.0.0)", "pyopenssl (>=17.1.0)", "urllib3-secure-extra"]
socks = ["pysocks (>=1.5.6,!=1.5.7,<2.0)"]
zstd = ["zstandard (>=0.18.0)"]

[metadata]
lock-version = "2.0"
python-versions = "^3.8"
content-hash = "544f9e395192327c910331a32b04d0aaf73d8d450a29dbc3d6f37d57d3f24913"
